
Microsoft Visual Studio Solution File, Format Version 12.00
# Visual Studio Version 17
VisualStudioVersion = 17.10.35122.118
MinimumVisualStudioVersion = 10.0.40219.1
Project("{FAE04EC0-301F-11D3-BF4B-00C04F79EFBC}") = "Circuit_Solver_v2", "Circuit_Solver_v2.csproj", "{6997D4AD-B336-443B-9E0A-8DB5FFAC3354}"
EndProject
Global
	GlobalSection(SolutionConfigurationPlatforms) = preSolution
		Debug|Any CPU = Debug|Any CPU
		Release|Any CPU = Release|Any CPU
	EndGlobalSection
	GlobalSection(ProjectConfigurationPlatforms) = postSolution
		{6997D4AD-B336-443B-9E0A-8DB5FFAC3354}.Debug|Any CPU.ActiveCfg = Debug|Any CPU
		{6997D4AD-B336-443B-9E0A-8DB5FFAC3354}.Debug|Any CPU.Build.0 = Debug|Any CPU
		{6997D4AD-B336-443B-9E0A-8DB5FFAC3354}.Release|Any CPU.ActiveCfg = Release|Any CPU
		{6997D4AD-B336-443B-9E0A-8DB5FFAC3354}.Release|Any CPU.Build.0 = Release|Any CPU
	EndGlobalSection
	GlobalSection(SolutionProperties) = preSolution
		HideSolutionNode = FALSE
	EndGlobalSection
	GlobalSection(ExtensibilityGlobals) = postSolution
		SolutionGuid = {D80F7213-2751-4084-A598-C91670821639}
	EndGlobalSection
EndGlobal
